
Microsoft Visual Studio Solution File, Format Version 12.00
# Visual Studio 15
VisualStudioVersion = 15.0.28307.489
MinimumVisualStudioVersion = 10.0.40219.1
Project("{FAE04EC0-301F-11D3-BF4B-00C04F79EFBC}") = "courcework", "courcework\courcework.csproj", "{01DCB888-48AD-4AE3-A6F2-2A9842654923}"
EndProject
Global
	GlobalSection(SolutionConfigurationPlatforms) = preSolution
		Debug|Any CPU = Debug|Any CPU
		Release|Any CPU = Release|Any CPU
	EndGlobalSection
	GlobalSection(ProjectConfigurationPlatforms) = postSolution
		{01DCB888-48AD-4AE3-A6F2-2A9842654923}.Debug|Any CPU.ActiveCfg = Debug|Any CPU
		{01DCB888-48AD-4AE3-A6F2-2A9842654923}.Debug|Any CPU.Build.0 = Debug|Any CPU
		{01DCB888-48AD-4AE3-A6F2-2A9842654923}.Release|Any CPU.ActiveCfg = Release|Any CPU
		{01DCB888-48AD-4AE3-A6F2-2A9842654923}.Release|Any CPU.Build.0 = Release|Any CPU
	EndGlobalSection
	GlobalSection(SolutionProperties) = preSolution
		HideSolutionNode = FALSE
	EndGlobalSection
	GlobalSection(ExtensibilityGlobals) = postSolution
		SolutionGuid = {CF85271E-A637-4A6A-8798-B368D1F7436A}
	EndGlobalSection
EndGlobal
